{
  "originHash" : "433f9bd718266d0470756f00d2f3972e09a56c38fa7db1e27e467069d9d2e0d2",
  "pins" : [
    {
      "identity" : "combine-schedulers",
      "kind" : "remoteSourceControl",
      "location" : "https://github.com/pointfreeco/combine-schedulers",
      "state" : {
        "revision" : "114354e8c1667a2edc4993700fb9fa4f90157b56",
        "version" : "1.2.2"
      }
    },
    {
      "identity" : "grdb.swift",
      "kind" : "remoteSourceControl",
      "location" : "https://github.com/groue/GRDB.swift",
      "state" : {
        "revision" : "b83108d10f42680d78f23fe4d4d80fc88dab3212",
        "version" : "7.11.1"
      }
    },
    {
      "identity" : "sqlite-data",
      "kind" : "remoteSourceControl",
      "location" : "https://github.com/pointfreeco/sqlite-data",
      "state" : {
        "revision" : "164bb5f223738af3d5da7a1b8de14e67e4d9cd5d",
        "version" : "1.12.0"
      }
    },
    {
      "identity" : "swift-case-paths",
      "kind" : "remoteSourceControl",
      "location" : "https://github.com/pointfreeco/swift-case-paths",
      "state" : {
        "branch" : "protocol-case-paths",
        "revision" : "f59f046b554f5346255d74dd8a2fe1959e9f3264"
      }
    },
    {
      "identity" : "swift-clocks",
      "kind" : "remoteSourceControl",
      "location" : "https://github.com/pointfreeco/swift-clocks",
      "state" : {
        "branch" : "clocks-2",
        "revision" : "77abbdd51dc05c719d5a758572e18f3643f546b7"
      }
    },
    {
      "identity" : "swift-collections",
      "kind" : "remoteSourceControl",
      "location" : "https://github.com/apple/swift-collections",
      "state" : {
        "revision" : "a0cb0954ecb21e4e31b0070e6ed5674e8556685a",
        "version" : "1.6.0"
      }
    },
    {
      "identity" : "swift-concurrency-extras",
      "kind" : "remoteSourceControl",
      "location" : "https://github.com/pointfreeco/swift-concurrency-extras",
      "state" : {
        "revision" : "5fa253428866f2360c3754e88537f700ed2656b5",
        "version" : "1.4.1"
      }
    },
    {
      "identity" : "swift-coproduct",
      "kind" : "remoteSourceControl",
      "location" : "https://github.com/swift-atoms/swift-coproduct.git",
      "state" : {
        "branch" : "main",
        "revision" : "f53d93b2bef871ede6edce682acfcaa35042494f"
      }
    },
    {
      "identity" : "swift-custom-dump",
      "kind" : "remoteSourceControl",
      "location" : "https://github.com/pointfreeco/swift-custom-dump",
      "state" : {
        "revision" : "4fb9e7cbb4b8f5a7354005db39447f570d6b3e19",
        "version" : "1.7.3"
      }
    },
    {
      "identity" : "swift-debug-snapshots",
      "kind" : "remoteSourceControl",
      "location" : "https://github.com/pointfreeco/swift-debug-snapshots",
      "state" : {
        "revision" : "71487e2005dc2b0fd7e3d71568626845417ac7ef",
        "version" : "0.5.0"
      }
    },
    {
      "identity" : "swift-dependencies",
      "kind" : "remoteSourceControl",
      "location" : "https://github.com/pointfreeco/swift-dependencies",
      "state" : {
        "revision" : "b476cc5761057d8d857de063fe7ac8daecf5c06b",
        "version" : "1.17.1"
      }
    },
    {
      "identity" : "swift-docc-plugin",
      "kind" : "remoteSourceControl",
      "location" : "https://github.com/swiftlang/swift-docc-plugin",
      "state" : {
        "revision" : "647c708be89f834fa6a6d4945442793a77ddf5b6",
        "version" : "1.5.0"
      }
    },
    {
      "identity" : "swift-docc-symbolkit",
      "kind" : "remoteSourceControl",
      "location" : "https://github.com/swiftlang/swift-docc-symbolkit",
      "state" : {
        "revision" : "b45d1f2ed151d057b54504d653e0da5552844e34",
        "version" : "1.0.0"
      }
    },
    {
      "identity" : "swift-either",
      "kind" : "remoteSourceControl",
      "location" : "https://github.com/swift-atoms/swift-either.git",
      "state" : {
        "branch" : "main",
        "revision" : "3ca99751d2f74512bd4b42779243034b5c179f91"
      }
    },
    {
      "identity" : "swift-identified-collections",
      "kind" : "remoteSourceControl",
      "location" : "https://github.com/pointfreeco/swift-identified-collections",
      "state" : {
        "revision" : "322d9ffeeba85c9f7c4984b39422ec7cc3c56597",
        "version" : "1.1.1"
      }
    },
    {
      "identity" : "swift-issue-reporting",
      "kind" : "remoteSourceControl",
      "location" : "https://github.com/pointfreeco/swift-issue-reporting",
      "state" : {
        "revision" : "71c7c9a761d1ca6ed4ccb6ced040fe1c1a39e8e7",
        "version" : "2.1.0"
      }
    },
    {
      "identity" : "swift-macro-testing",
      "kind" : "remoteSourceControl",
      "location" : "https://github.com/pointfreeco/swift-macro-testing",
      "state" : {
        "revision" : "0b6bd11ea72e07eec539f2f000efad0b363a90cc",
        "version" : "0.7.0"
      }
    },
    {
      "identity" : "swift-navigation",
      "kind" : "remoteSourceControl",
      "location" : "https://github.com/pointfreeco/swift-navigation",
      "state" : {
        "branch" : "case-paths-2",
        "revision" : "c4344194c0f9abace6782c349bab48f513ade8e4"
      }
    },
    {
      "identity" : "swift-operation",
      "kind" : "remoteSourceControl",
      "location" : "https://github.com/swift-atoms/swift-operation.git",
      "state" : {
        "branch" : "main",
        "revision" : "a8e885fc27ae16abeb70f9c05e3a0e879421e57e"
      }
    },
    {
      "identity" : "swift-optic",
      "kind" : "remoteSourceControl",
      "location" : "https://github.com/swift-atoms/swift-optic.git",
      "state" : {
        "branch" : "main",
        "revision" : "ed5398b41c1a0d125f80429c48494d4cf25f4bf4"
      }
    },
    {
      "identity" : "swift-perception",
      "kind" : "remoteSourceControl",
      "location" : "https://github.com/pointfreeco/swift-perception",
      "state" : {
        "revision" : "597afd46249f4a71885b95d26b26cc5b893daf32",
        "version" : "2.0.12"
      }
    },
    {
      "identity" : "swift-product",
      "kind" : "remoteSourceControl",
      "location" : "https://github.com/swift-atoms/swift-product.git",
      "state" : {
        "branch" : "main",
        "revision" : "dae38c0f12b71fc38b2e54be0cd49616df855a56"
      }
    },
    {
      "identity" : "swift-sharing",
      "kind" : "remoteSourceControl",
      "location" : "https://github.com/pointfreeco/swift-sharing",
      "state" : {
        "revision" : "3552faf8a6c18ce896ec5a72bd8c34755f0f03e0",
        "version" : "2.10.1"
      }
    },
    {
      "identity" : "swift-snapshot-testing",
      "kind" : "remoteSourceControl",
      "location" : "https://github.com/pointfreeco/swift-snapshot-testing",
      "state" : {
        "revision" : "98ba2e1a302c405dd8752e9fcacef0d5f500cac9",
        "version" : "1.19.5"
      }
    },
    {
      "identity" : "swift-structured-queries",
      "kind" : "remoteSourceControl",
      "location" : "https://github.com/pointfreeco/swift-structured-queries",
      "state" : {
        "revision" : "72d536d5f0319097612bea961e356f4223efd926",
        "version" : "0.39.2"
      }
    },
    {
      "identity" : "swift-syntax",
      "kind" : "remoteSourceControl",
      "location" : "https://github.com/swiftlang/swift-syntax",
      "state" : {
        "revision" : "79e4b74a295b6eb74a8b585e3a39d29e70c1dbd1",
        "version" : "603.0.2"
      }
    },
    {
      "identity" : "swift-tagged",
      "kind" : "remoteSourceControl",
      "location" : "https://github.com/pointfreeco/swift-tagged",
      "state" : {
        "revision" : "3907a9438f5b57d317001dc99f3f11b46882272b",
        "version" : "0.10.0"
      }
    }
  ],
  "version" : 3
}
