// !$*UTF8*$!
{
	archiveVersion = 1;
	classes = {
	};
	objectVersion = 60;
	objects = {
		01B0D0C6B55C4DC2559769B4 = {isa = XCLocalSwiftPackageReference; relativePath = .; };
		B54AEDEF6B0ABD18EC17E9D1 = {isa = XCLocalSwiftPackageReference; relativePath = ..; };
		BB9191E745BA2E7C53062DD3 = {isa = PBXFileReference; lastKnownFileType = sourcecode.swift; path = App.swift; sourceTree = "<group>"; };
		901FF529B589310B0A8B02A8 = {isa = PBXFileReference; lastKnownFileType = text.xcconfig; path = App.xcconfig; sourceTree = "<group>"; };
		2BCDBFE77DB0206AB34B2C1E = {isa = PBXFileReference; explicitFileType = wrapper.application; includeInIndex = 0; path = Reminders.app; sourceTree = BUILT_PRODUCTS_DIR; };
		6FD6E27C7A1F6CDBC761C331 = {isa = PBXGroup; children = (BB9191E745BA2E7C53062DD3, 901FF529B589310B0A8B02A8, ); path = Reminders; sourceTree = "<group>"; };
		9F03ACE885B3BCAC13773D07 = {isa = PBXBuildFile; fileRef = BB9191E745BA2E7C53062DD3; };
		510C31349B4CE002E782123E = {isa = XCSwiftPackageProductDependency; package = 01B0D0C6B55C4DC2559769B4; productName = "Reminders App"; };
		63F6ADA06A8B161003AA83CF = {isa = PBXBuildFile; productRef = 510C31349B4CE002E782123E; };
		61A54CEFEA9693F97F2D927D = {isa = XCSwiftPackageProductDependency; package = B54AEDEF6B0ABD18EC17E9D1; productName = Reminders; };
		06EC28BE851A8FD6B446AA92 = {isa = PBXBuildFile; productRef = 61A54CEFEA9693F97F2D927D; };
		C046252036DA7C48DB8E0A33 = {isa = XCSwiftPackageProductDependency; package = B54AEDEF6B0ABD18EC17E9D1; productName = "Reminders Feature"; };
		7596E68F2713AA61C5901E7D = {isa = PBXBuildFile; productRef = C046252036DA7C48DB8E0A33; };
		A511C1087B6A0E95B564072E = {isa = PBXSourcesBuildPhase; buildActionMask = 2147483647; files = (9F03ACE885B3BCAC13773D07, ); runOnlyForDeploymentPostprocessing = 0; };
		BF5E81FDBDFD190278ED4CB2 = {isa = PBXFrameworksBuildPhase; buildActionMask = 2147483647; files = (63F6ADA06A8B161003AA83CF, 06EC28BE851A8FD6B446AA92, 7596E68F2713AA61C5901E7D, ); runOnlyForDeploymentPostprocessing = 0; };
		3CDE7654FF816C66E3E9368E = {isa = PBXResourcesBuildPhase; buildActionMask = 2147483647; files = ( ); runOnlyForDeploymentPostprocessing = 0; };
		76B5F90B1B02BD6EDB4A9CB3 = {isa = XCBuildConfiguration; baseConfigurationReference = 901FF529B589310B0A8B02A8; buildSettings = { }; name = Debug; };
		92B7A6B942457CE5CCD84874 = {isa = XCBuildConfiguration; baseConfigurationReference = 901FF529B589310B0A8B02A8; buildSettings = { }; name = Release; };
		69D38B045C9413BF94608D27 = {isa = XCConfigurationList; buildConfigurations = (76B5F90B1B02BD6EDB4A9CB3, 92B7A6B942457CE5CCD84874, ); defaultConfigurationIsVisible = 0; defaultConfigurationName = Release; };
		B9944FCA26C0E9878D1DFADB = {isa = PBXNativeTarget; buildConfigurationList = 69D38B045C9413BF94608D27; buildPhases = (A511C1087B6A0E95B564072E, BF5E81FDBDFD190278ED4CB2, 3CDE7654FF816C66E3E9368E, ); buildRules = ( ); dependencies = ( ); name = Reminders; packageProductDependencies = (510C31349B4CE002E782123E, 61A54CEFEA9693F97F2D927D, C046252036DA7C48DB8E0A33, ); productName = Reminders; productReference = 2BCDBFE77DB0206AB34B2C1E; productType = "com.apple.product-type.application"; };
		CE535915C125E187B1CDE514 = {isa = PBXGroup; children = (6FD6E27C7A1F6CDBC761C331, ); path = Hosts; sourceTree = "<group>"; };
		9DD48A06EAA2F1C67E167E6B = {isa = PBXGroup; children = (2BCDBFE77DB0206AB34B2C1E, ); name = Products; sourceTree = "<group>"; };
		B5ABF094AF95939085C8DE3D = {isa = PBXGroup; children = (CE535915C125E187B1CDE514, 9DD48A06EAA2F1C67E167E6B, ); sourceTree = "<group>"; };
		5D8746518A3351AFEC3073D4 = {isa = XCBuildConfiguration; buildSettings = { ALWAYS_SEARCH_USER_PATHS = NO; ASSETCATALOG_COMPILER_GENERATE_SWIFT_ASSET_SYMBOL_EXTENSIONS = YES; CLANG_ANALYZER_NONNULL = YES; CLANG_ENABLE_MODULES = YES; CLANG_ENABLE_OBJC_ARC = YES; COPY_PHASE_STRIP = NO; DEBUG_INFORMATION_FORMAT = dwarf; ENABLE_STRICT_OBJC_MSGSEND = YES; ENABLE_TESTABILITY = YES; ENABLE_USER_SCRIPT_SANDBOXING = YES; GCC_DYNAMIC_NO_PIC = NO; GCC_NO_COMMON_BLOCKS = YES; GCC_OPTIMIZATION_LEVEL = 0; GCC_PREPROCESSOR_DEFINITIONS = "DEBUG=1 $(inherited)"; LOCALIZATION_PREFERS_STRING_CATALOGS = YES; MTL_ENABLE_DEBUG_INFO = INCLUDE_SOURCE; MTL_FAST_MATH = YES; ONLY_ACTIVE_ARCH = YES; STRING_CATALOG_GENERATE_SYMBOLS = YES; SWIFT_ACTIVE_COMPILATION_CONDITIONS = "DEBUG $(inherited)"; SWIFT_OPTIMIZATION_LEVEL = "-Onone"; SWIFT_VERSION = 6.0; }; name = Debug; };
		69B1826C37EC44AB7959F07A = {isa = XCBuildConfiguration; buildSettings = { ALWAYS_SEARCH_USER_PATHS = NO; ASSETCATALOG_COMPILER_GENERATE_SWIFT_ASSET_SYMBOL_EXTENSIONS = YES; CLANG_ANALYZER_NONNULL = YES; CLANG_ENABLE_MODULES = YES; CLANG_ENABLE_OBJC_ARC = YES; COPY_PHASE_STRIP = NO; DEBUG_INFORMATION_FORMAT = "dwarf-with-dsym"; ENABLE_NS_ASSERTIONS = NO; ENABLE_STRICT_OBJC_MSGSEND = YES; ENABLE_USER_SCRIPT_SANDBOXING = YES; GCC_NO_COMMON_BLOCKS = YES; LOCALIZATION_PREFERS_STRING_CATALOGS = YES; MTL_ENABLE_DEBUG_INFO = NO; MTL_FAST_MATH = YES; STRING_CATALOG_GENERATE_SYMBOLS = YES; SWIFT_COMPILATION_MODE = wholemodule; SWIFT_VERSION = 6.0; VALIDATE_PRODUCT = YES; }; name = Release; };
		025292CBB5FEDB6057255381 = {isa = XCConfigurationList; buildConfigurations = (5D8746518A3351AFEC3073D4, 69B1826C37EC44AB7959F07A, ); defaultConfigurationIsVisible = 0; defaultConfigurationName = Release; };
		F00BB51FF2ACF6A3B12627F9 = {isa = PBXProject; attributes = { BuildIndependentTargetsInParallel = 1; LastSwiftUpdateCheck = 2700; LastUpgradeCheck = 2700; }; buildConfigurationList = 025292CBB5FEDB6057255381; compatibilityVersion = "Xcode 15.0"; developmentRegion = en; hasScannedForEncodings = 0; knownRegions = (en, Base, ); mainGroup = B5ABF094AF95939085C8DE3D; packageReferences = (01B0D0C6B55C4DC2559769B4, B54AEDEF6B0ABD18EC17E9D1, ); productRefGroup = 9DD48A06EAA2F1C67E167E6B; projectDirPath = ""; projectRoot = ""; targets = (B9944FCA26C0E9878D1DFADB, ); };
	};
	rootObject = F00BB51FF2ACF6A3B12627F9;
}
